Microsoft Visual Studio Solution File, Format Version 11.00
# Visual Studio 2008

Project("{BD279171-EC2A-CEC2-02FF-AB8B4E4E2E41}") = "mj_3d_client", "Assembly-CSharp-firstpass.csproj", "{4A7F7523-976A-7240-5633-789D859B54D8}"
EndProject
Project("{BD279171-EC2A-CEC2-02FF-AB8B4E4E2E41}") = "mj_3d_client", "Assembly-CSharp.csproj", "{E15872BB-9EDB-04D9-E42A-44937C92D3ED}"
EndProject
Project("{BD279171-EC2A-CEC2-02FF-AB8B4E4E2E41}") = "mj_3d_client", "Assembly-CSharp-Editor.csproj", "{4B50E9EB-1C93-0D3C-2FD3-E74F03DD8D2B}"
EndProject
Global
	GlobalSection(SolutionConfigurationPlatforms) = preSolution
		Debug|Any CPU = Debug|Any CPU
		Release|Any CPU = Release|Any CPU
	EndGlobalSection
	GlobalSection(ProjectConfigurationPlatforms) = postSolution
		{4A7F7523-976A-7240-5633-789D859B54D8}.Debug|Any CPU.ActiveCfg = Debug|Any CPU
		{4A7F7523-976A-7240-5633-789D859B54D8}.Debug|Any CPU.Build.0 = Debug|Any CPU
		{4A7F7523-976A-7240-5633-789D859B54D8}.Release|Any CPU.ActiveCfg = Release|Any CPU
		{4A7F7523-976A-7240-5633-789D859B54D8}.Release|Any CPU.Build.0 = Release|Any CPU
		{E15872BB-9EDB-04D9-E42A-44937C92D3ED}.Debug|Any CPU.ActiveCfg = Debug|Any CPU
		{E15872BB-9EDB-04D9-E42A-44937C92D3ED}.Debug|Any CPU.Build.0 = Debug|Any CPU
		{E15872BB-9EDB-04D9-E42A-44937C92D3ED}.Release|Any CPU.ActiveCfg = Release|Any CPU
		{E15872BB-9EDB-04D9-E42A-44937C92D3ED}.Release|Any CPU.Build.0 = Release|Any CPU
		{4B50E9EB-1C93-0D3C-2FD3-E74F03DD8D2B}.Debug|Any CPU.ActiveCfg = Debug|Any CPU
		{4B50E9EB-1C93-0D3C-2FD3-E74F03DD8D2B}.Debug|Any CPU.Build.0 = Debug|Any CPU
		{4B50E9EB-1C93-0D3C-2FD3-E74F03DD8D2B}.Release|Any CPU.ActiveCfg = Release|Any CPU
		{4B50E9EB-1C93-0D3C-2FD3-E74F03DD8D2B}.Release|Any CPU.Build.0 = Release|Any CPU
	EndGlobalSection
	GlobalSection(SolutionProperties) = preSolution
		HideSolutionNode = FALSE
	EndGlobalSection
	GlobalSection(MonoDevelopProperties) = preSolution
		StartupItem = Assembly-CSharp.csproj
	EndGlobalSection
EndGlobal
